{
  "requires": true,
  "lockfileVersion": 1,
  "dependencies": {
    "@iota/bundle": {
      "version": "1.0.0-beta.6",
      "resolved": "https://registry.npmjs.org/@iota/bundle/-/bundle-1.0.0-beta.6.tgz",
      "integrity": "sha512-4gRGYt0i2Lw7aDWxETvu3k0VkHOpAvSJqoHD2KVAvbjaMkAl+4PCrfqInckCsMgXz21HfKnXc39ZtnanArWcCQ==",
      "requires": {
        "@iota/converter": "^1.0.0-beta.6",
        "@iota/kerl": "^1.0.0-beta.6",
        "@iota/pad": "^1.0.0-beta.6",
        "@iota/signing": "^1.0.0-beta.6"
      }
    },
    "@iota/bundle-validator": {
      "version": "1.0.0-beta.6",
      "resolved": "https://registry.npmjs.org/@iota/bundle-validator/-/bundle-validator-1.0.0-beta.6.tgz",
      "integrity": "sha512-ODZJqQ/Dt6AYmCOjsMFo1zYX8MtaMa2xcBdKJr7u/legUgToW5XPwf1ZtInmve4ikCYt+h4JyEq1NxfN+XACcg==",
      "requires": {
        "@iota/converter": "^1.0.0-beta.6",
        "@iota/kerl": "^1.0.0-beta.6",
        "@iota/signing": "^1.0.0-beta.6",
        "@iota/transaction": "^1.0.0-beta.6",
        "@iota/transaction-converter": "^1.0.0-beta.6"
      }
    },
    "@iota/checksum": {
      "version": "1.0.0-beta.6",
      "resolved": "https://registry.npmjs.org/@iota/checksum/-/checksum-1.0.0-beta.6.tgz",
      "integrity": "sha512-yCMd4+yMTqAtr0DYrFjdhiF9+1m/aFwC5gZk/mm+LV1cWe3THK4MMSAOQrC1MfUP8Wjv29tcrkhnKMRuuvUpAw==",
      "requires": {
        "@iota/converter": "^1.0.0-beta.6",
        "@iota/kerl": "^1.0.0-beta.6"
      }
    },
    "@iota/converter": {
      "version": "1.0.0-beta.6",
      "resolved": "https://registry.npmjs.org/@iota/converter/-/converter-1.0.0-beta.6.tgz",
      "integrity": "sha512-qrOFb615AFhJOoC5MEJMKqy5Ud0xHBhBXRhvMK2ma6unZRrTCmZlRtAGyPtqMDrBT6WpMLSjHXtVfGlkav9RWA=="
    },
    "@iota/core": {
      "version": "1.0.0-beta.6",
      "resolved": "https://registry.npmjs.org/@iota/core/-/core-1.0.0-beta.6.tgz",
      "integrity": "sha512-7L95vqn6yRS5LBwO0LgFC0fEI+3YkGenO+Jtf55k7QpDL5YWGtYrHcwx+BUz+1E+w07XPZ5AqTzmcpY4ljfLaQ==",
      "requires": {
        "@iota/bundle": "^1.0.0-beta.6",
        "@iota/bundle-validator": "^1.0.0-beta.6",
        "@iota/checksum": "^1.0.0-beta.6",
        "@iota/converter": "^1.0.0-beta.6",
        "@iota/curl": "^1.0.0-beta.6",
        "@iota/http-client": "^1.0.0-beta.6",
        "@iota/kerl": "^1.0.0-beta.6",
        "@iota/pad": "^1.0.0-beta.6",
        "@iota/signing": "^1.0.0-beta.6",
        "@iota/transaction": "^1.0.0-beta.6",
        "@iota/transaction-converter": "^1.0.0-beta.6",
        "@types/bluebird": "^3.5.24",
        "bluebird": "^3.5.1"
      }
    },
    "@iota/curl": {
      "version": "1.0.0-beta.6",
      "resolved": "https://registry.npmjs.org/@iota/curl/-/curl-1.0.0-beta.6.tgz",
      "integrity": "sha512-KUqqIBncJYuKT0DYwLl6GiGwZcHHmOGhkxwimOKCavmAdoYNWAzygianojPWECZkzMstgxhorLhSM8EE0xtTKQ=="
    },
    "@iota/http-client": {
      "version": "1.0.0-beta.6",
      "resolved": "https://registry.npmjs.org/@iota/http-client/-/http-client-1.0.0-beta.6.tgz",
      "integrity": "sha512-+ErMfi46X/jSb19cHoExCi22fa9QXK5CP8tDt682F0PJMHxUf/rZcHJv1ZBbJiRy3OMUbidi8m0n+/Dsj6qAtg==",
      "requires": {
        "@types/bluebird": "^3.5.24",
        "bluebird": "^3.5.1",
        "cross-fetch": "^2.2.2"
      }
    },
    "@iota/kerl": {
      "version": "1.0.0-beta.6",
      "resolved": "https://registry.npmjs.org/@iota/kerl/-/kerl-1.0.0-beta.6.tgz",
      "integrity": "sha512-Fu7QgDxFtX1zG4NbI6PJpMSk+uFYLkkmRos49uxG1kG2PFHRy3Kufa7HJqT2jXKoEEVWxHiTHkJiFO95x0riew==",
      "requires": {
        "@types/crypto-js": "^3.1.38",
        "crypto-js": "^3.1.9-1"
      }
    },
    "@iota/pad": {
      "version": "1.0.0-beta.6",
      "resolved": "https://registry.npmjs.org/@iota/pad/-/pad-1.0.0-beta.6.tgz",
      "integrity": "sha512-O+KfdRG6n1004r1laS/K4BBl8iDnEOCl+rDK3vhEbmcJr6lxzUZPrra5dSjjQW0FrGngSjhKS/m9xHF7nfzarg=="
    },
    "@iota/signing": {
      "version": "1.0.0-beta.6",
      "resolved": "https://registry.npmjs.org/@iota/signing/-/signing-1.0.0-beta.6.tgz",
      "integrity": "sha512-6F6df9yoGrUlcNdS3QxKkBMleF39jRcVtcgZ6pVBh30h0UmyPh1gg7EZ6PCqAJ6tdXJ39JGpJdLiKObbAybVcw==",
      "requires": {
        "@iota/converter": "^1.0.0-beta.6",
        "@iota/kerl": "^1.0.0-beta.6",
        "@iota/pad": "^1.0.0-beta.6"
      }
    },
    "@iota/transaction": {
      "version": "1.0.0-beta.6",
      "resolved": "https://registry.npmjs.org/@iota/transaction/-/transaction-1.0.0-beta.6.tgz",
      "integrity": "sha512-Ieife+MGtuZrjBNHiW3qaPwwf/XuLvXg4OUHgO20j1c4sY1131Vexo4yNdiyNPLgkAex/9ihIdsxZ+hx3rVtrw==",
      "requires": {
        "@iota/converter": "^1.0.0-beta.6",
        "@iota/curl": "^1.0.0-beta.6"
      }
    },
    "@iota/transaction-converter": {
      "version": "1.0.0-beta.6",
      "resolved": "https://registry.npmjs.org/@iota/transaction-converter/-/transaction-converter-1.0.0-beta.6.tgz",
      "integrity": "sha512-loE3bYFpAF+il1YhDhS+JZvWZXsg+yLyhmhsTGlf89pNC5ejk+9ebsdYYMdHdHyd7GB1h3h+8m4sLy/bmcXcSA==",
      "requires": {
        "@iota/converter": "^1.0.0-beta.6",
        "@iota/pad": "^1.0.0-beta.6",
        "@iota/transaction": "^1.0.0-beta.6"
      }
    },
    "@types/bluebird": {
      "version": "3.5.24",
      "resolved": "https://registry.npmjs.org/@types/bluebird/-/bluebird-3.5.24.tgz",
      "integrity": "sha512-YeQoDpq4Lm8ppSBqAnAeF/xy1cYp/dMTif2JFcvmAbETMRlvKHT2iLcWu+WyYiJO3b3Ivokwo7EQca/xfLVJmg=="
    },
    "@types/crypto-js": {
      "version": "3.1.43",
      "resolved": "https://registry.npmjs.org/@types/crypto-js/-/crypto-js-3.1.43.tgz",
      "integrity": "sha512-EHe/YKctU3IYNBsDmSOPX/7jLHPRlx8WaiDKSY9JCTnJ8XJeM4c0ZJvx+9Gxmr2s2ihI92R+3U/gNL1sq5oRuQ=="
    },
    "async": {
      "version": "2.6.1",
      "resolved": "https://registry.npmjs.org/async/-/async-2.6.1.tgz",
      "integrity": "sha512-fNEiL2+AZt6AlAw/29Cr0UDe4sRAHCpEHh54WMz+Bb7QfNcFw4h3loofyJpLeQs4Yx7yuqu/2dLgM5hKOs6HlQ==",
      "requires": {
        "lodash": "^4.17.13"
      }
    },
    "bignumber.js": {
      "version": "4.1.0",
      "resolved": "https://registry.npmjs.org/bignumber.js/-/bignumber.js-4.1.0.tgz",
      "integrity": "sha512-eJzYkFYy9L4JzXsbymsFn3p54D+llV27oTQ+ziJG7WFRheJcNZilgVXMG0LoZtlQSKBsJdWtLFqOD0u+U0jZKA=="
    },
    "bluebird": {
      "version": "3.5.3",
      "resolved": "https://registry.npmjs.org/bluebird/-/bluebird-3.5.3.tgz",
      "integrity": "sha512-/qKPUQlaW1OyR51WeCPBvRnAlnZFUJkCSG5HzGnuIqhgyJtF+T94lFnn33eiazjRm2LAHVy2guNnaq48X9SJuw=="
    },
    "cross-fetch": {
      "version": "2.2.3",
      "resolved": "https://registry.npmjs.org/cross-fetch/-/cross-fetch-2.2.3.tgz",
      "integrity": "sha512-PrWWNH3yL2NYIb/7WF/5vFG3DCQiXDOVf8k3ijatbrtnwNuhMWLC7YF7uqf53tbTFDzHIUD8oITw4Bxt8ST3Nw==",
      "requires": {
        "node-fetch": "2.1.2",
        "whatwg-fetch": "2.0.4"
      }
    },
    "crypto-js": {
      "version": "3.1.9-1",
      "resolved": "https://registry.npmjs.org/crypto-js/-/crypto-js-3.1.9-1.tgz",
      "integrity": "sha1-/aGedh/Ad+Af+/3G6f38WeiAbNg="
    },
    "iota.lib.js": {
      "version": "0.5.1",
      "resolved": "https://registry.npmjs.org/iota.lib.js/-/iota.lib.js-0.5.1.tgz",
      "integrity": "sha512-4DHieyh24o8TJGSj/j1aINrLtYO2Pj9NZa3kqY1lKT0kZcIOkFMJoOsPiLPqVFpAC0RRONoBxni+d48gRyH5SQ==",
      "requires": {
        "async": "^2.5.0",
        "bignumber.js": "^4.1.0",
        "crypto-js": "^3.1.9-1",
        "xmlhttprequest": "^1.8.0"
      }
    },
    "lodash": {
      "version": "4.17.13",
      "resolved": "https://registry.npmjs.org/lodash/-/lodash-4.17.13.tgz",
      "integrity": "sha512-cQKh8igo5QUhZ7lg38DYWAxMvjSAKG0A8wGSVimP07SIUEK2UO+arSRKbRZWtelMtN5V0Hkwh5ryOto/SshYIg=="
    },
    "node-fetch": {
      "version": "2.1.2",
      "resolved": "http://registry.npmjs.org/node-fetch/-/node-fetch-2.1.2.tgz",
      "integrity": "sha1-q4hOjn5X44qUR1POxwb3iNF2i7U="
    },
    "whatwg-fetch": {
      "version": "2.0.4",
      "resolved": "http://registry.npmjs.org/whatwg-fetch/-/whatwg-fetch-2.0.4.tgz",
      "integrity": "sha512-dcQ1GWpOD/eEQ97k66aiEVpNnapVj90/+R+SXTPYGHpYBBypfKJEQjLrvMZ7YXbKm21gXd4NcuxUTjiv1YtLng=="
    },
    "xmlhttprequest": {
      "version": "1.8.0",
      "resolved": "https://registry.npmjs.org/xmlhttprequest/-/xmlhttprequest-1.8.0.tgz",
      "integrity": "sha1-Z/4HXFwk/vOfnWX197f+dRcZaPw="
    }
  }
}
